// !$*UTF8*$!
{
	archiveVersion = 1;
	classes = {
	};
	objectVersion = 50;
	objects = {

/* Begin PBXBuildFile section */
		401902DC252F6DD7004EB104 /* GSSecondaryLabel.swift in Sources */ = {isa = PBXBuildFile; fileRef = 401902DB252F6DD7004EB104 /* GSSecondaryLabel.swift */; };
		401902DE252F6F5A004EB104 /* GSUserHeaderVC.swift in Sources */ = {isa = PBXBuildFile; fileRef = 401902DD252F6F5A004EB104 /* GSUserHeaderVC.swift */; };
		401902E0252FC96E004EB104 /* ItemInfoView.swift in Sources */ = {isa = PBXBuildFile; fileRef = 401902DF252FC96E004EB104 /* ItemInfoView.swift */; };
		401902E3252FDE2B004EB104 /* GSItemInfoVC.swift in Sources */ = {isa = PBXBuildFile; fileRef = 401902E2252FDE2B004EB104 /* GSItemInfoVC.swift */; };
		401902E5252FE237004EB104 /* GSRepoCard.swift in Sources */ = {isa = PBXBuildFile; fileRef = 401902E4252FE237004EB104 /* GSRepoCard.swift */; };
		401902E7252FE7E4004EB104 /* GSFollowingCard.swift in Sources */ = {isa = PBXBuildFile; fileRef = 401902E6252FE7E4004EB104 /* GSFollowingCard.swift */; };
		4025194B253352C40029DDE6 /* String+Ext.swift in Sources */ = {isa = PBXBuildFile; fileRef = 4025194A253352C40029DDE6 /* String+Ext.swift */; };
		4025194D253352D10029DDE6 /* Date+Ext.swift in Sources */ = {isa = PBXBuildFile; fileRef = 4025194C253352D10029DDE6 /* Date+Ext.swift */; };
		4026C21325261D4C0001238A /* UIHelper.swift in Sources */ = {isa = PBXBuildFile; fileRef = 4026C21225261D4C0001238A /* UIHelper.swift */; };
		4048A3F1253F24AB00A1E855 /* Constants.swift in Sources */ = {isa = PBXBuildFile; fileRef = 4048A3F0253F24AB00A1E855 /* Constants.swift */; };
		40583344252360CE00D04F6F /* ErrorMessage.swift in Sources */ = {isa = PBXBuildFile; fileRef = 40583343252360CE00D04F6F /* ErrorMessage.swift */; };
		405833462525413C00D04F6F /* FollowerCell.swift in Sources */ = {isa = PBXBuildFile; fileRef = 405833452525413C00D04F6F /* FollowerCell.swift */; };
		405833482525417400D04F6F /* AvatarImageView.swift in Sources */ = {isa = PBXBuildFile; fileRef = 405833472525417400D04F6F /* AvatarImageView.swift */; };
		40790BB32535DC0700D4FB61 /* PersistenceManager.swift in Sources */ = {isa = PBXBuildFile; fileRef = 40790BB22535DC0700D4FB61 /* PersistenceManager.swift */; };
		409CDF77253FB74D00EDE36F /* UITableView+Ext.swift in Sources */ = {isa = PBXBuildFile; fileRef = 409CDF76253FB74D00EDE36F /* UITableView+Ext.swift */; };
		40A50ED82536072F002C825D /* FavoriteCell.swift in Sources */ = {isa = PBXBuildFile; fileRef = 40A50ED72536072F002C825D /* FavoriteCell.swift */; };
		40A50EDA2538C8C5002C825D /* GSTabbarController.swift in Sources */ = {isa = PBXBuildFile; fileRef = 40A50ED92538C8C5002C825D /* GSTabbarController.swift */; };
		40AE85BD253F90C600192C77 /* UIView+Ext.swift in Sources */ = {isa = PBXBuildFile; fileRef = 40AE85BC253F90C600192C77 /* UIView+Ext.swift */; };
		40C3E2F9251CBD0B00ED6DA2 /* AppDelegate.swift in Sources */ = {isa = PBXBuildFile; fileRef = 40C3E2F8251CBD0B00ED6DA2 /* AppDelegate.swift */; };
		40C3E2FB251CBD0B00ED6DA2 /* SceneDelegate.swift in Sources */ = {isa = PBXBuildFile; fileRef = 40C3E2FA251CBD0B00ED6DA2 /* SceneDelegate.swift */; };
		40C3E2FD251CBD0B00ED6DA2 /* UserInfoVC.swift in Sources */ = {isa = PBXBuildFile; fileRef = 40C3E2FC251CBD0B00ED6DA2 /* UserInfoVC.swift */; };
		40C3E302251CBD0D00ED6DA2 /* Assets.xcassets in Resources */ = {isa = PBXBuildFile; fileRef = 40C3E301251CBD0D00ED6DA2 /* Assets.xcassets */; };
		40C3E305251CBD0D00ED6DA2 /* LaunchScreen.storyboard in Resources */ = {isa = PBXBuildFile; fileRef = 40C3E303251CBD0D00ED6DA2 /* LaunchScreen.storyboard */; };
		40C3E30D251CD09B00ED6DA2 /* SearchVC.swift in Sources */ = {isa = PBXBuildFile; fileRef = 40C3E30C251CD09B00ED6DA2 /* SearchVC.swift */; };
		40C3E30F251CD0C300ED6DA2 /* FavoritesVC.swift in Sources */ = {isa = PBXBuildFile; fileRef = 40C3E30E251CD0C300ED6DA2 /* FavoritesVC.swift */; };
		40C3E311251D10FB00ED6DA2 /* GSButton.swift in Sources */ = {isa = PBXBuildFile; fileRef = 40C3E310251D10FB00ED6DA2 /* GSButton.swift */; };
		40C3E313251D13A300ED6DA2 /* GSTextField.swift in Sources */ = {isa = PBXBuildFile; fileRef = 40C3E312251D13A300ED6DA2 /* GSTextField.swift */; };
		40C3E315251D586C00ED6DA2 /* FollowersListVC.swift in Sources */ = {isa = PBXBuildFile; fileRef = 40C3E314251D586C00ED6DA2 /* FollowersListVC.swift */; };
		40CE179425211870003715D9 /* GSTitleLabel.swift in Sources */ = {isa = PBXBuildFile; fileRef = 40CE179325211870003715D9 /* GSTitleLabel.swift */; };
		40CE1796252119FD003715D9 /* GSBodyLabel.swift in Sources */ = {isa = PBXBuildFile; fileRef = 40CE1795252119FD003715D9 /* GSBodyLabel.swift */; };
		40CE179A25211E9D003715D9 /* ContainerView.swift in Sources */ = {isa = PBXBuildFile; fileRef = 40CE179925211E9D003715D9 /* ContainerView.swift */; };
		40CE179C252125A5003715D9 /* GSAlert.swift in Sources */ = {isa = PBXBuildFile; fileRef = 40CE179B252125A5003715D9 /* GSAlert.swift */; };
		40CE179E25215662003715D9 /* UIViewController+Ext.swift in Sources */ = {isa = PBXBuildFile; fileRef = 40CE179D25215662003715D9 /* UIViewController+Ext.swift */; };
		40DCB21925292479000D0A42 /* GSEmptyStateView.swift in Sources */ = {isa = PBXBuildFile; fileRef = 40DCB21825292479000D0A42 /* GSEmptyStateView.swift */; };
		40DD2FAB252346F700922F83 /* NetworkManager.swift in Sources */ = {isa = PBXBuildFile; fileRef = 40DD2FAA252346F700922F83 /* NetworkManager.swift */; };
		40E721652522486000CB6650 /* User.swift in Sources */ = {isa = PBXBuildFile; fileRef = 40E721642522486000CB6650 /* User.swift */; };
		40E721672522489300CB6650 /* Follower.swift in Sources */ = {isa = PBXBuildFile; fileRef = 40E721662522489300CB6650 /* Follower.swift */; };
/* End PBXBuildFile section */

/* Begin PBXFileReference section */
		401902DB252F6DD7004EB104 /* GSSecondaryLabel.swift */ = {isa = PBXFileReference; lastKnownFileType = sourcecode.swift; path = GSSecondaryLabel.swift; sourceTree = "<group>"; };
		401902DD252F6F5A004EB104 /* GSUserHeaderVC.swift */ = {isa = PBXFileReference; lastKnownFileType = sourcecode.swift; path = GSUserHeaderVC.swift; sourceTree = "<group>"; };
		401902DF252FC96E004EB104 /* ItemInfoView.swift */ = {isa = PBXFileReference; lastKnownFileType = sourcecode.swift; path = ItemInfoView.swift; sourceTree = "<group>"; };
		401902E2252FDE2B004EB104 /* GSItemInfoVC.swift */ = {isa = PBXFileReference; lastKnownFileType = sourcecode.swift; path = GSItemInfoVC.swift; sourceTree = "<group>"; };
		401902E4252FE237004EB104 /* GSRepoCard.swift */ = {isa = PBXFileReference; lastKnownFileType = sourcecode.swift; path = GSRepoCard.swift; sourceTree = "<group>"; };
		401902E6252FE7E4004EB104 /* GSFollowingCard.swift */ = {isa = PBXFileReference; lastKnownFileType = sourcecode.swift; path = GSFollowingCard.swift; sourceTree = "<group>"; };
		4025194A253352C40029DDE6 /* String+Ext.swift */ = {isa = PBXFileReference; lastKnownFileType = sourcecode.swift; path = "String+Ext.swift"; sourceTree = "<group>"; };
		4025194C253352D10029DDE6 /* Date+Ext.swift */ = {isa = PBXFileReference; lastKnownFileType = sourcecode.swift; path = "Date+Ext.swift"; sourceTree = "<group>"; };
		4026C21225261D4C0001238A /* UIHelper.swift */ = {isa = PBXFileReference; lastKnownFileType = sourcecode.swift; path = UIHelper.swift; sourceTree = "<group>"; };
		4048A3F0253F24AB00A1E855 /* Constants.swift */ = {isa = PBXFileReference; lastKnownFileType = sourcecode.swift; path = Constants.swift; sourceTree = "<group>"; };
		40583343252360CE00D04F6F /* ErrorMessage.swift */ = {isa = PBXFileReference; lastKnownFileType = sourcecode.swift; path = ErrorMessage.swift; sourceTree = "<group>"; };
		405833452525413C00D04F6F /* FollowerCell.swift */ = {isa = PBXFileReference; lastKnownFileType = sourcecode.swift; path = FollowerCell.swift; sourceTree = "<group>"; };
		405833472525417400D04F6F /* AvatarImageView.swift */ = {isa = PBXFileReference; lastKnownFileType = sourcecode.swift; path = AvatarImageView.swift; sourceTree = "<group>"; };
		40790BB22535DC0700D4FB61 /* PersistenceManager.swift */ = {isa = PBXFileReference; lastKnownFileType = sourcecode.swift; path = PersistenceManager.swift; sourceTree = "<group>"; };
		409CDF76253FB74D00EDE36F /* UITableView+Ext.swift */ = {isa = PBXFileReference; lastKnownFileType = sourcecode.swift; path = "UITableView+Ext.swift"; sourceTree = "<group>"; };
		40A50ED72536072F002C825D /* FavoriteCell.swift */ = {isa = PBXFileReference; lastKnownFileType = sourcecode.swift; path = FavoriteCell.swift; sourceTree = "<group>"; };
		40A50ED92538C8C5002C825D /* GSTabbarController.swift */ = {isa = PBXFileReference; lastKnownFileType = sourcecode.swift; path = GSTabbarController.swift; sourceTree = "<group>"; };
		40AE85BC253F90C600192C77 /* UIView+Ext.swift */ = {isa = PBXFileReference; lastKnownFileType = sourcecode.swift; path = "UIView+Ext.swift"; sourceTree = "<group>"; };
		40C3E2F5251CBD0B00ED6DA2 /* GithubSearch.app */ = {isa = PBXFileReference; explicitFileType = wrapper.application; includeInIndex = 0; path = GithubSearch.app; sourceTree = BUILT_PRODUCTS_DIR; };
		40C3E2F8251CBD0B00ED6DA2 /* AppDelegate.swift */ = {isa = PBXFileReference; lastKnownFileType = sourcecode.swift; path = AppDelegate.swift; sourceTree = "<group>"; };
		40C3E2FA251CBD0B00ED6DA2 /* SceneDelegate.swift */ = {isa = PBXFileReference; lastKnownFileType = sourcecode.swift; path = SceneDelegate.swift; sourceTree = "<group>"; };
		40C3E2FC251CBD0B00ED6DA2 /* UserInfoVC.swift */ = {isa = PBXFileReference; lastKnownFileType = sourcecode.swift; path = UserInfoVC.swift; sourceTree = "<group>"; };
		40C3E301251CBD0D00ED6DA2 /* Assets.xcassets */ = {isa = PBXFileReference; lastKnownFileType = folder.assetcatalog; path = Assets.xcassets; sourceTree = "<group>"; };
		40C3E304251CBD0D00ED6DA2 /* Base */ = {isa = PBXFileReference; lastKnownFileType = file.storyboard; name = Base; path = Base.lproj/LaunchScreen.storyboard; sourceTree = "<group>"; };
		40C3E306251CBD0D00ED6DA2 /* Info.plist */ = {isa = PBXFileReference; lastKnownFileType = text.plist.xml; path = Info.plist; sourceTree = "<group>"; };
		40C3E30C251CD09B00ED6DA2 /* SearchVC.swift */ = {isa = PBXFileReference; lastKnownFileType = sourcecode.swift; path = SearchVC.swift; sourceTree = "<group>"; };
		40C3E30E251CD0C300ED6DA2 /* FavoritesVC.swift */ = {isa = PBXFileReference; lastKnownFileType = sourcecode.swift; path = FavoritesVC.swift; sourceTree = "<group>"; };
		40C3E310251D10FB00ED6DA2 /* GSButton.swift */ = {isa = PBXFileReference; lastKnownFileType = sourcecode.swift; path = GSButton.swift; sourceTree = "<group>"; };
		40C3E312251D13A300ED6DA2 /* GSTextField.swift */ = {isa = PBXFileReference; lastKnownFileType = sourcecode.swift; path = GSTextField.swift; sourceTree = "<group>"; };
		40C3E314251D586C00ED6DA2 /* FollowersListVC.swift */ = {isa = PBXFileReference; lastKnownFileType = sourcecode.swift; path = FollowersListVC.swift; sourceTree = "<group>"; };
		40CE179325211870003715D9 /* GSTitleLabel.swift */ = {isa = PBXFileReference; lastKnownFileType = sourcecode.swift; path = GSTitleLabel.swift; sourceTree = "<group>"; };
		40CE1795252119FD003715D9 /* GSBodyLabel.swift */ = {isa = PBXFileReference; lastKnownFileType = sourcecode.swift; path = GSBodyLabel.swift; sourceTree = "<group>"; };
		40CE179925211E9D003715D9 /* ContainerView.swift */ = {isa = PBXFileReference; lastKnownFileType = sourcecode.swift; path = ContainerView.swift; sourceTree = "<group>"; };
		40CE179B252125A5003715D9 /* GSAlert.swift */ = {isa = PBXFileReference; lastKnownFileType = sourcecode.swift; path = GSAlert.swift; sourceTree = "<group>"; };
		40CE179D25215662003715D9 /* UIViewController+Ext.swift */ = {isa = PBXFileReference; lastKnownFileType = sourcecode.swift; path = "UIViewController+Ext.swift"; sourceTree = "<group>"; };
		40DCB21825292479000D0A42 /* GSEmptyStateView.swift */ = {isa = PBXFileReference; lastKnownFileType = sourcecode.swift; path = GSEmptyStateView.swift; sourceTree = "<group>"; };
		40DD2FAA252346F700922F83 /* NetworkManager.swift */ = {isa = PBXFileReference; lastKnownFileType = sourcecode.swift; path = NetworkManager.swift; sourceTree = "<group>"; };
		40E721642522486000CB6650 /* User.swift */ = {isa = PBXFileReference; lastKnownFileType = sourcecode.swift; path = User.swift; sourceTree = "<group>"; };
		40E721662522489300CB6650 /* Follower.swift */ = {isa = PBXFileReference; lastKnownFileType = sourcecode.swift; path = Follower.swift; sourceTree = "<group>"; };
/* End PBXFileReference section */

/* Begin PBXFrameworksBuildPhase section */
		40C3E2F2251CBD0B00ED6DA2 /* Frameworks */ = {
			isa = PBXFrameworksBuildPhase;
			buildActionMask = 2147483647;
			files = (
			);
			runOnlyForDeploymentPostprocessing = 0;
		};
/* End PBXFrameworksBuildPhase section */

/* Begin PBXGroup section */
		401902DA252F6DB7004EB104 /* Labels */ = {
			isa = PBXGroup;
			children = (
				40CE179325211870003715D9 /* GSTitleLabel.swift */,
				40CE1795252119FD003715D9 /* GSBodyLabel.swift */,
				401902DB252F6DD7004EB104 /* GSSecondaryLabel.swift */,
			);
			path = Labels;
			sourceTree = "<group>";
		};
		401902E1252FDDE8004EB104 /* UserItemVCs */ = {
			isa = PBXGroup;
			children = (
				401902E2252FDE2B004EB104 /* GSItemInfoVC.swift */,
				401902E4252FE237004EB104 /* GSRepoCard.swift */,
				401902E6252FE7E4004EB104 /* GSFollowingCard.swift */,
			);
			path = UserItemVCs;
			sourceTree = "<group>";
		};
		401AA102252542A70049A38B /* CustomCells */ = {
			isa = PBXGroup;
			children = (
				405833452525413C00D04F6F /* FollowerCell.swift */,
				40A50ED72536072F002C825D /* FavoriteCell.swift */,
			);
			path = CustomCells;
			sourceTree = "<group>";
		};
		40583342252360B100D04F6F /* Utilities */ = {
			isa = PBXGroup;
			children = (
				4048A3F0253F24AB00A1E855 /* Constants.swift */,
				40583343252360CE00D04F6F /* ErrorMessage.swift */,
				4026C21225261D4C0001238A /* UIHelper.swift */,
			);
			path = Utilities;
			sourceTree = "<group>";
		};
		40C3E2EC251CBD0B00ED6DA2 = {
			isa = PBXGroup;
			children = (
				40C3E2F7251CBD0B00ED6DA2 /* GithubSearch */,
				40C3E2F6251CBD0B00ED6DA2 /* Products */,
			);
			sourceTree = "<group>";
		};
		40C3E2F6251CBD0B00ED6DA2 /* Products */ = {
			isa = PBXGroup;
			children = (
				40C3E2F5251CBD0B00ED6DA2 /* GithubSearch.app */,
			);
			name = Products;
			sourceTree = "<group>";
		};
		40C3E2F7251CBD0B00ED6DA2 /* GithubSearch */ = {
			isa = PBXGroup;
			children = (
				40583342252360B100D04F6F /* Utilities */,
				40DD2FA9252346E100922F83 /* Managers */,
				40C3E306251CBD0D00ED6DA2 /* Info.plist */,
				40E721632522484600CB6650 /* Model */,
				40E721622522480200CB6650 /* SupportFiles */,
				40E72161252247F800CB6650 /* Extensions */,
				40E72160252247E500CB6650 /* View Controllers */,
				40E7215F252247C500CB6650 /* CustomViews */,
			);
			path = GithubSearch;
			sourceTree = "<group>";
		};
		40DD2FA9252346E100922F83 /* Managers */ = {
			isa = PBXGroup;
			children = (
				40DD2FAA252346F700922F83 /* NetworkManager.swift */,
				40790BB22535DC0700D4FB61 /* PersistenceManager.swift */,
			);
			path = Managers;
			sourceTree = "<group>";
		};
		40E7215F252247C500CB6650 /* CustomViews */ = {
			isa = PBXGroup;
			children = (
				401902DA252F6DB7004EB104 /* Labels */,
				401AA102252542A70049A38B /* CustomCells */,
				40C3E310251D10FB00ED6DA2 /* GSButton.swift */,
				40C3E312251D13A300ED6DA2 /* GSTextField.swift */,
				40CE179925211E9D003715D9 /* ContainerView.swift */,
				405833472525417400D04F6F /* AvatarImageView.swift */,
				40DCB21825292479000D0A42 /* GSEmptyStateView.swift */,
				401902DF252FC96E004EB104 /* ItemInfoView.swift */,
				40A50ED92538C8C5002C825D /* GSTabbarController.swift */,
			);
			path = CustomViews;
			sourceTree = "<group>";
		};
		40E72160252247E500CB6650 /* View Controllers */ = {
			isa = PBXGroup;
			children = (
				401902E1252FDDE8004EB104 /* UserItemVCs */,
				40C3E2FC251CBD0B00ED6DA2 /* UserInfoVC.swift */,
				40C3E30C251CD09B00ED6DA2 /* SearchVC.swift */,
				40C3E30E251CD0C300ED6DA2 /* FavoritesVC.swift */,
				40C3E314251D586C00ED6DA2 /* FollowersListVC.swift */,
				40CE179B252125A5003715D9 /* GSAlert.swift */,
				401902DD252F6F5A004EB104 /* GSUserHeaderVC.swift */,
			);
			path = "View Controllers";
			sourceTree = "<group>";
		};
		40E72161252247F800CB6650 /* Extensions */ = {
			isa = PBXGroup;
			children = (
				40CE179D25215662003715D9 /* UIViewController+Ext.swift */,
				4025194A253352C40029DDE6 /* String+Ext.swift */,
				4025194C253352D10029DDE6 /* Date+Ext.swift */,
				40AE85BC253F90C600192C77 /* UIView+Ext.swift */,
				409CDF76253FB74D00EDE36F /* UITableView+Ext.swift */,
			);
			path = Extensions;
			sourceTree = "<group>";
		};
		40E721622522480200CB6650 /* SupportFiles */ = {
			isa = PBXGroup;
			children = (
				40C3E2F8251CBD0B00ED6DA2 /* AppDelegate.swift */,
				40C3E2FA251CBD0B00ED6DA2 /* SceneDelegate.swift */,
				40C3E301251CBD0D00ED6DA2 /* Assets.xcassets */,
				40C3E303251CBD0D00ED6DA2 /* LaunchScreen.storyboard */,
			);
			path = SupportFiles;
			sourceTree = "<group>";
		};
		40E721632522484600CB6650 /* Model */ = {
			isa = PBXGroup;
			children = (
				40E721642522486000CB6650 /* User.swift */,
				40E721662522489300CB6650 /* Follower.swift */,
			);
			path = Model;
			sourceTree = "<group>";
		};
/* End PBXGroup section */

/* Begin PBXNativeTarget section */
		40C3E2F4251CBD0B00ED6DA2 /* GithubSearch */ = {
			isa = PBXNativeTarget;
			buildConfigurationList = 40C3E309251CBD0D00ED6DA2 /* Build configuration list for PBXNativeTarget "GithubSearch" */;
			buildPhases = (
				40C3E2F1251CBD0B00ED6DA2 /* Sources */,
				40C3E2F2251CBD0B00ED6DA2 /* Frameworks */,
				40C3E2F3251CBD0B00ED6DA2 /* Resources */,
			);
			buildRules = (
			);
			dependencies = (
			);
			name = GithubSearch;
			productName = GithubSearch;
			productReference = 40C3E2F5251CBD0B00ED6DA2 /* GithubSearch.app */;
			productType = "com.apple.product-type.application";
		};
/* End PBXNativeTarget section */

/* Begin PBXProject section */
		40C3E2ED251CBD0B00ED6DA2 /* Project object */ = {
			isa = PBXProject;
			attributes = {
				LastSwiftUpdateCheck = 1160;
				LastUpgradeCheck = 1160;
				ORGANIZATIONNAME = "Ahmad Sameh";
				TargetAttributes = {
					40C3E2F4251CBD0B00ED6DA2 = {
						CreatedOnToolsVersion = 11.6;
					};
				};
			};
			buildConfigurationList = 40C3E2F0251CBD0B00ED6DA2 /* Build configuration list for PBXProject "GithubSearch" */;
			compatibilityVersion = "Xcode 9.3";
			developmentRegion = en;
			hasScannedForEncodings = 0;
			knownRegions = (
				en,
				Base,
			);
			mainGroup = 40C3E2EC251CBD0B00ED6DA2;
			productRefGroup = 40C3E2F6251CBD0B00ED6DA2 /* Products */;
			projectDirPath = "";
			projectRoot = "";
			targets = (
				40C3E2F4251CBD0B00ED6DA2 /* GithubSearch */,
			);
		};
/* End PBXProject section */

/* Begin PBXResourcesBuildPhase section */
		40C3E2F3251CBD0B00ED6DA2 /* Resources */ = {
			isa = PBXResourcesBuildPhase;
			buildActionMask = 2147483647;
			files = (
				40C3E305251CBD0D00ED6DA2 /* LaunchScreen.storyboard in Resources */,
				40C3E302251CBD0D00ED6DA2 /* Assets.xcassets in Resources */,
			);
			runOnlyForDeploymentPostprocessing = 0;
		};
/* End PBXResourcesBuildPhase section */

/* Begin PBXSourcesBuildPhase section */
		40C3E2F1251CBD0B00ED6DA2 /* Sources */ = {
			isa = PBXSourcesBuildPhase;
			buildActionMask = 2147483647;
			files = (
				40AE85BD253F90C600192C77 /* UIView+Ext.swift in Sources */,
				40C3E30F251CD0C300ED6DA2 /* FavoritesVC.swift in Sources */,
				401902DC252F6DD7004EB104 /* GSSecondaryLabel.swift in Sources */,
				40583344252360CE00D04F6F /* ErrorMessage.swift in Sources */,
				405833482525417400D04F6F /* AvatarImageView.swift in Sources */,
				4026C21325261D4C0001238A /* UIHelper.swift in Sources */,
				40E721672522489300CB6650 /* Follower.swift in Sources */,
				401902E3252FDE2B004EB104 /* GSItemInfoVC.swift in Sources */,
				40CE179E25215662003715D9 /* UIViewController+Ext.swift in Sources */,
				40C3E30D251CD09B00ED6DA2 /* SearchVC.swift in Sources */,
				405833462525413C00D04F6F /* FollowerCell.swift in Sources */,
				40DD2FAB252346F700922F83 /* NetworkManager.swift in Sources */,
				401902DE252F6F5A004EB104 /* GSUserHeaderVC.swift in Sources */,
				401902E0252FC96E004EB104 /* ItemInfoView.swift in Sources */,
				401902E5252FE237004EB104 /* GSRepoCard.swift in Sources */,
				40A50ED82536072F002C825D /* FavoriteCell.swift in Sources */,
				40CE179C252125A5003715D9 /* GSAlert.swift in Sources */,
				401902E7252FE7E4004EB104 /* GSFollowingCard.swift in Sources */,
				40C3E315251D586C00ED6DA2 /* FollowersListVC.swift in Sources */,
				40C3E2FD251CBD0B00ED6DA2 /* UserInfoVC.swift in Sources */,
				40E721652522486000CB6650 /* User.swift in Sources */,
				40CE179A25211E9D003715D9 /* ContainerView.swift in Sources */,
				40C3E311251D10FB00ED6DA2 /* GSButton.swift in Sources */,
				40790BB32535DC0700D4FB61 /* PersistenceManager.swift in Sources */,
				4048A3F1253F24AB00A1E855 /* Constants.swift in Sources */,
				40DCB21925292479000D0A42 /* GSEmptyStateView.swift in Sources */,
				4025194B253352C40029DDE6 /* String+Ext.swift in Sources */,
				4025194D253352D10029DDE6 /* Date+Ext.swift in Sources */,
				40CE179425211870003715D9 /* GSTitleLabel.swift in Sources */,
				40CE1796252119FD003715D9 /* GSBodyLabel.swift in Sources */,
				40C3E2F9251CBD0B00ED6DA2 /* AppDelegate.swift in Sources */,
				40A50EDA2538C8C5002C825D /* GSTabbarController.swift in Sources */,
				409CDF77253FB74D00EDE36F /* UITableView+Ext.swift in Sources */,
				40C3E313251D13A300ED6DA2 /* GSTextField.swift in Sources */,
				40C3E2FB251CBD0B00ED6DA2 /* SceneDelegate.swift in Sources */,
			);
			runOnlyForDeploymentPostprocessing = 0;
		};
/* End PBXSourcesBuildPhase section */

/* Begin PBXVariantGroup section */
		40C3E303251CBD0D00ED6DA2 /* LaunchScreen.storyboard */ = {
			isa = PBXVariantGroup;
			children = (
				40C3E304251CBD0D00ED6DA2 /* Base */,
			);
			name = LaunchScreen.storyboard;
			sourceTree = "<group>";
		};
/* End PBXVariantGroup section */

/* Begin XCBuildConfiguration section */
		40C3E307251CBD0D00ED6DA2 /* Debug */ = {
			isa = XCBuildConfiguration;
			buildSettings = {
				ALWAYS_SEARCH_USER_PATHS = NO;
				CLANG_ANALYZER_NONNULL = YES;
				CLANG_ANALYZER_NUMBER_OBJECT_CONVERSION = YES_AGGRESSIVE;
				CLANG_CXX_LANGUAGE_STANDARD = "gnu++14";
				CLANG_CXX_LIBRARY = "libc++";
				CLANG_ENABLE_MODULES = YES;
				CLANG_ENABLE_OBJC_ARC = YES;
				CLANG_ENABLE_OBJC_WEAK = YES;
				CLANG_WARN_BLOCK_CAPTURE_AUTORELEASING = YES;
				CLANG_WARN_BOOL_CONVERSION = YES;
				CLANG_WARN_COMMA = YES;
				CLANG_WARN_CONSTANT_CONVERSION = YES;
				CLANG_WARN_DEPRECATED_OBJC_IMPLEMENTATIONS = YES;
				CLANG_WARN_DIRECT_OBJC_ISA_USAGE = YES_ERROR;
				CLANG_WARN_DOCUMENTATION_COMMENTS = YES;
				CLANG_WARN_EMPTY_BODY = YES;
				CLANG_WARN_ENUM_CONVERSION = YES;
				CLANG_WARN_INFINITE_RECURSION = YES;
				CLANG_WARN_INT_CONVERSION = YES;
				CLANG_WARN_NON_LITERAL_NULL_CONVERSION = YES;
				CLANG_WARN_OBJC_IMPLICIT_RETAIN_SELF = YES;
				CLANG_WARN_OBJC_LITERAL_CONVERSION = YES;
				CLANG_WARN_OBJC_ROOT_CLASS = YES_ERROR;
				CLANG_WARN_RANGE_LOOP_ANALYSIS = YES;
				CLANG_WARN_STRICT_PROTOTYPES = YES;
				CLANG_WARN_SUSPICIOUS_MOVE = YES;
				CLANG_WARN_UNGUARDED_AVAILABILITY = YES_AGGRESSIVE;
				CLANG_WARN_UNREACHABLE_CODE = YES;
				CLANG_WARN__DUPLICATE_METHOD_MATCH = YES;
				COPY_PHASE_STRIP = NO;
				DEBUG_INFORMATION_FORMAT = dwarf;
				ENABLE_STRICT_OBJC_MSGSEND = YES;
				ENABLE_TESTABILITY = YES;
				GCC_C_LANGUAGE_STANDARD = gnu11;
				GCC_DYNAMIC_NO_PIC = NO;
				GCC_NO_COMMON_BLOCKS = YES;
				GCC_OPTIMIZATION_LEVEL = 0;
				GCC_PREPROCESSOR_DEFINITIONS = (
					"DEBUG=1",
					"$(inherited)",
				);
				GCC_WARN_64_TO_32_BIT_CONVERSION = YES;
				GCC_WARN_ABOUT_RETURN_TYPE = YES_ERROR;
				GCC_WARN_UNDECLARED_SELECTOR = YES;
				GCC_WARN_UNINITIALIZED_AUTOS = YES_AGGRESSIVE;
				GCC_WARN_UNUSED_FUNCTION = YES;
				GCC_WARN_UNUSED_VARIABLE = YES;
				IPHONEOS_DEPLOYMENT_TARGET = 13.6;
				MTL_ENABLE_DEBUG_INFO = INCLUDE_SOURCE;
				MTL_FAST_MATH = YES;
				ONLY_ACTIVE_ARCH = YES;
				SDKROOT = iphoneos;
				SWIFT_ACTIVE_COMPILATION_CONDITIONS = DEBUG;
				SWIFT_OPTIMIZATION_LEVEL = "-Onone";
			};
			name = Debug;
		};
		40C3E308251CBD0D00ED6DA2 /* Release */ = {
			isa = XCBuildConfiguration;
			buildSettings = {
				ALWAYS_SEARCH_USER_PATHS = NO;
				CLANG_ANALYZER_NONNULL = YES;
				CLANG_ANALYZER_NUMBER_OBJECT_CONVERSION = YES_AGGRESSIVE;
				CLANG_CXX_LANGUAGE_STANDARD = "gnu++14";
				CLANG_CXX_LIBRARY = "libc++";
				CLANG_ENABLE_MODULES = YES;
				CLANG_ENABLE_OBJC_ARC = YES;
				CLANG_ENABLE_OBJC_WEAK = YES;
				CLANG_WARN_BLOCK_CAPTURE_AUTORELEASING = YES;
				CLANG_WARN_BOOL_CONVERSION = YES;
				CLANG_WARN_COMMA = YES;
				CLANG_WARN_CONSTANT_CONVERSION = YES;
				CLANG_WARN_DEPRECATED_OBJC_IMPLEMENTATIONS = YES;
				CLANG_WARN_DIRECT_OBJC_ISA_USAGE = YES_ERROR;
				CLANG_WARN_DOCUMENTATION_COMMENTS = YES;
				CLANG_WARN_EMPTY_BODY = YES;
				CLANG_WARN_ENUM_CONVERSION = YES;
				CLANG_WARN_INFINITE_RECURSION = YES;
				CLANG_WARN_INT_CONVERSION = YES;
				CLANG_WARN_NON_LITERAL_NULL_CONVERSION = YES;
				CLANG_WARN_OBJC_IMPLICIT_RETAIN_SELF = YES;
				CLANG_WARN_OBJC_LITERAL_CONVERSION = YES;
				CLANG_WARN_OBJC_ROOT_CLASS = YES_ERROR;
				CLANG_WARN_RANGE_LOOP_ANALYSIS = YES;
				CLANG_WARN_STRICT_PROTOTYPES = YES;
				CLANG_WARN_SUSPICIOUS_MOVE = YES;
				CLANG_WARN_UNGUARDED_AVAILABILITY = YES_AGGRESSIVE;
				CLANG_WARN_UNREACHABLE_CODE = YES;
				CLANG_WARN__DUPLICATE_METHOD_MATCH = YES;
				COPY_PHASE_STRIP = NO;
				DEBUG_INFORMATION_FORMAT = "dwarf-with-dsym";
				ENABLE_NS_ASSERTIONS = NO;
				ENABLE_STRICT_OBJC_MSGSEND = YES;
				GCC_C_LANGUAGE_STANDARD = gnu11;
				GCC_NO_COMMON_BLOCKS = YES;
				GCC_WARN_64_TO_32_BIT_CONVERSION = YES;
				GCC_WARN_ABOUT_RETURN_TYPE = YES_ERROR;
				GCC_WARN_UNDECLARED_SELECTOR = YES;
				GCC_WARN_UNINITIALIZED_AUTOS = YES_AGGRESSIVE;
				GCC_WARN_UNUSED_FUNCTION = YES;
				GCC_WARN_UNUSED_VARIABLE = YES;
				IPHONEOS_DEPLOYMENT_TARGET = 13.6;
				MTL_ENABLE_DEBUG_INFO = NO;
				MTL_FAST_MATH = YES;
				SDKROOT = iphoneos;
				SWIFT_COMPILATION_MODE = wholemodule;
				SWIFT_OPTIMIZATION_LEVEL = "-O";
				VALIDATE_PRODUCT = YES;
			};
			name = Release;
		};
		40C3E30A251CBD0D00ED6DA2 /* Debug */ = {
			isa = XCBuildConfiguration;
			buildSettings = {
				ASSETCATALOG_COMPILER_APPICON_NAME = AppIcon;
				CODE_SIGN_STYLE = Automatic;
				DEVELOPMENT_TEAM = 5RJ9A44Y69;
				INFOPLIST_FILE = GithubSearch/Info.plist;
				LD_RUNPATH_SEARCH_PATHS = (
					"$(inherited)",
					"@executable_path/Frameworks",
				);
				PRODUCT_BUNDLE_IDENTIFIER = com.ahmadsamehh.GithubSearch;
				PRODUCT_NAME = "$(TARGET_NAME)";
				SWIFT_VERSION = 5.0;
				TARGETED_DEVICE_FAMILY = "1,2";
			};
			name = Debug;
		};
		40C3E30B251CBD0D00ED6DA2 /* Release */ = {
			isa = XCBuildConfiguration;
			buildSettings = {
				ASSETCATALOG_COMPILER_APPICON_NAME = AppIcon;
				CODE_SIGN_STYLE = Automatic;
				DEVELOPMENT_TEAM = 5RJ9A44Y69;
				INFOPLIST_FILE = GithubSearch/Info.plist;
				LD_RUNPATH_SEARCH_PATHS = (
					"$(inherited)",
					"@executable_path/Frameworks",
				);
				PRODUCT_BUNDLE_IDENTIFIER = com.ahmadsamehh.GithubSearch;
				PRODUCT_NAME = "$(TARGET_NAME)";
				SWIFT_VERSION = 5.0;
				TARGETED_DEVICE_FAMILY = "1,2";
			};
			name = Release;
		};
/* End XCBuildConfiguration section */

/* Begin XCConfigurationList section */
		40C3E2F0251CBD0B00ED6DA2 /* Build configuration list for PBXProject "GithubSearch" */ = {
			isa = XCConfigurationList;
			buildConfigurations = (
				40C3E307251CBD0D00ED6DA2 /* Debug */,
				40C3E308251CBD0D00ED6DA2 /* Release */,
			);
			defaultConfigurationIsVisible = 0;
			defaultConfigurationName = Release;
		};
		40C3E309251CBD0D00ED6DA2 /* Build configuration list for PBXNativeTarget "GithubSearch" */ = {
			isa = XCConfigurationList;
			buildConfigurations = (
				40C3E30A251CBD0D00ED6DA2 /* Debug */,
				40C3E30B251CBD0D00ED6DA2 /* Release */,
			);
			defaultConfigurationIsVisible = 0;
			defaultConfigurationName = Release;
		};
/* End XCConfigurationList section */
	};
	rootObject = 40C3E2ED251CBD0B00ED6DA2 /* Project object */;
}
